
Microsoft Visual Studio Solution File, Format Version 11.00
# Visual Studio 2010
Project("{FAE04EC0-301F-11D3-BF4B-00C04F79EFBC}") = "SlbLibrary", "SlbLibrary\SlbLibrary.csproj", "{59E5E283-FFF2-4A5C-A8A8-B2201BF4069F}"
EndProject
Project("{FAE04EC0-301F-11D3-BF4B-00C04F79EFBC}") = "SlbLibraryTest", "SlbLibraryTest\SlbLibraryTest.csproj", "{96C3429A-3CC6-4245-AD32-F9A226817146}"
EndProject
Project("{2150E333-8FDC-42A3-9474-1A3956D46DE8}") = "Solution Items", "Solution Items", "{06B709D0-58FC-4301-AF30-C0F34C7D3503}"
	ProjectSection(SolutionItems) = preProject
		Local.testsettings = Local.testsettings
		SlbLibrary.vsmdi = SlbLibrary.vsmdi
		TraceAndTestImpact.testsettings = TraceAndTestImpact.testsettings
	EndProjectSection
EndProject
Global
	GlobalSection(TestCaseManagementSettings) = postSolution
		CategoryFile = SlbLibrary.vsmdi
	EndGlobalSection
	GlobalSection(SolutionConfigurationPlatforms) = preSolution
		Debug|Any CPU = Debug|Any CPU
		Debug|Mixed Platforms = Debug|Mixed Platforms
		Debug|x86 = Debug|x86
		Release|Any CPU = Release|Any CPU
		Release|Mixed Platforms = Release|Mixed Platforms
		Release|x86 = Release|x86
	EndGlobalSection
	GlobalSection(ProjectConfigurationPlatforms) = postSolution
		{59E5E283-FFF2-4A5C-A8A8-B2201BF4069F}.Debug|Any CPU.ActiveCfg = Debug|x86
		{59E5E283-FFF2-4A5C-A8A8-B2201BF4069F}.Debug|Mixed Platforms.ActiveCfg = Debug|x86
		{59E5E283-FFF2-4A5C-A8A8-B2201BF4069F}.Debug|Mixed Platforms.Build.0 = Debug|x86
		{59E5E283-FFF2-4A5C-A8A8-B2201BF4069F}.Debug|x86.ActiveCfg = Debug|x86
		{59E5E283-FFF2-4A5C-A8A8-B2201BF4069F}.Debug|x86.Build.0 = Debug|x86
		{59E5E283-FFF2-4A5C-A8A8-B2201BF4069F}.Release|Any CPU.ActiveCfg = Release|x86
		{59E5E283-FFF2-4A5C-A8A8-B2201BF4069F}.Release|Mixed Platforms.ActiveCfg = Release|x86
		{59E5E283-FFF2-4A5C-A8A8-B2201BF4069F}.Release|Mixed Platforms.Build.0 = Release|x86
		{59E5E283-FFF2-4A5C-A8A8-B2201BF4069F}.Release|x86.ActiveCfg = Release|x86
		{59E5E283-FFF2-4A5C-A8A8-B2201BF4069F}.Release|x86.Build.0 = Release|x86
		{96C3429A-3CC6-4245-AD32-F9A226817146}.Debug|Any CPU.ActiveCfg = Debug|Any CPU
		{96C3429A-3CC6-4245-AD32-F9A226817146}.Debug|Any CPU.Build.0 = Debug|Any CPU
		{96C3429A-3CC6-4245-AD32-F9A226817146}.Debug|Mixed Platforms.ActiveCfg = Debug|Any CPU
		{96C3429A-3CC6-4245-AD32-F9A226817146}.Debug|Mixed Platforms.Build.0 = Debug|Any CPU
		{96C3429A-3CC6-4245-AD32-F9A226817146}.Debug|x86.ActiveCfg = Debug|Any CPU
		{96C3429A-3CC6-4245-AD32-F9A226817146}.Release|Any CPU.ActiveCfg = Release|Any CPU
		{96C3429A-3CC6-4245-AD32-F9A226817146}.Release|Any CPU.Build.0 = Release|Any CPU
		{96C3429A-3CC6-4245-AD32-F9A226817146}.Release|Mixed Platforms.ActiveCfg = Release|Any CPU
		{96C3429A-3CC6-4245-AD32-F9A226817146}.Release|Mixed Platforms.Build.0 = Release|Any CPU
		{96C3429A-3CC6-4245-AD32-F9A226817146}.Release|x86.ActiveCfg = Release|Any CPU
	EndGlobalSection
	GlobalSection(SolutionProperties) = preSolution
		HideSolutionNode = FALSE
	EndGlobalSection
EndGlobal
